
Microsoft Visual Studio Solution File, Format Version 12.00
# Visual Studio 15
VisualStudioVersion = 15.0.28307.329
MinimumVisualStudioVersion = 10.0.40219.1
Project("{FAE04EC0-301F-11D3-BF4B-00C04F79EFBC}") = "MyShop.Core", "MyShop.Core\MyShop.Core.csproj", "{051B06B6-68A0-4268-A75A-9F9D291B5A2D}"
EndProject
Project("{FAE04EC0-301F-11D3-BF4B-00C04F79EFBC}") = "MyShop.Services", "MyShop.Services\MyShop.Services.csproj", "{33B5B1BB-B446-4B11-9637-BCF46CC9C34C}"
EndProject
Project("{FAE04EC0-301F-11D3-BF4B-00C04F79EFBC}") = "MyShop.DataAccess.SQL", "MyShop.DataAccess.SQL\MyShop.DataAccess.SQL.csproj", "{6D32ABE2-18FC-4488-9E7D-44A3240BF8A5}"
EndProject
Project("{FAE04EC0-301F-11D3-BF4B-00C04F79EFBC}") = "MyShop.DataAccess.InMemory", "MyShop.DataAccess.InMemory\MyShop.DataAccess.InMemory.csproj", "{0F532254-245B-4279-869E-F016D8284AD2}"
EndProject
Project("{FAE04EC0-301F-11D3-BF4B-00C04F79EFBC}") = "MyShop.WebUI", "MyShop.WebUI\MyShop.WebUI.csproj", "{E3993DE4-88F2-44BC-A0CC-BE1933FF8A03}"
EndProject
Project("{FAE04EC0-301F-11D3-BF4B-00C04F79EFBC}") = "MyShop.WebUI.Tests", "MyShop.WebUI.Tests\MyShop.WebUI.Tests.csproj", "{A68CA1F9-E2CA-4610-A375-60CEFCB1E55D}"
EndProject
Global
	GlobalSection(SolutionConfigurationPlatforms) = preSolution
		Debug|Any CPU = Debug|Any CPU
		Release|Any CPU = Release|Any CPU
	EndGlobalSection
	GlobalSection(ProjectConfigurationPlatforms) = postSolution
		{051B06B6-68A0-4268-A75A-9F9D291B5A2D}.Debug|Any CPU.ActiveCfg = Debug|Any CPU
		{051B06B6-68A0-4268-A75A-9F9D291B5A2D}.Debug|Any CPU.Build.0 = Debug|Any CPU
		{051B06B6-68A0-4268-A75A-9F9D291B5A2D}.Release|Any CPU.ActiveCfg = Release|Any CPU
		{051B06B6-68A0-4268-A75A-9F9D291B5A2D}.Release|Any CPU.Build.0 = Release|Any CPU
		{33B5B1BB-B446-4B11-9637-BCF46CC9C34C}.Debug|Any CPU.ActiveCfg = Debug|Any CPU
		{33B5B1BB-B446-4B11-9637-BCF46CC9C34C}.Debug|Any CPU.Build.0 = Debug|Any CPU
		{33B5B1BB-B446-4B11-9637-BCF46CC9C34C}.Release|Any CPU.ActiveCfg = Release|Any CPU
		{33B5B1BB-B446-4B11-9637-BCF46CC9C34C}.Release|Any CPU.Build.0 = Release|Any CPU
		{6D32ABE2-18FC-4488-9E7D-44A3240BF8A5}.Debug|Any CPU.ActiveCfg = Debug|Any CPU
		{6D32ABE2-18FC-4488-9E7D-44A3240BF8A5}.Debug|Any CPU.Build.0 = Debug|Any CPU
		{6D32ABE2-18FC-4488-9E7D-44A3240BF8A5}.Release|Any CPU.ActiveCfg = Release|Any CPU
		{6D32ABE2-18FC-4488-9E7D-44A3240BF8A5}.Release|Any CPU.Build.0 = Release|Any CPU
		{0F532254-245B-4279-869E-F016D8284AD2}.Debug|Any CPU.ActiveCfg = Debug|Any CPU
		{0F532254-245B-4279-869E-F016D8284AD2}.Debug|Any CPU.Build.0 = Debug|Any CPU
		{0F532254-245B-4279-869E-F016D8284AD2}.Release|Any CPU.ActiveCfg = Release|Any CPU
		{0F532254-245B-4279-869E-F016D8284AD2}.Release|Any CPU.Build.0 = Release|Any CPU
		{E3993DE4-88F2-44BC-A0CC-BE1933FF8A03}.Debug|Any CPU.ActiveCfg = Debug|Any CPU
		{E3993DE4-88F2-44BC-A0CC-BE1933FF8A03}.Debug|Any CPU.Build.0 = Debug|Any CPU
		{E3993DE4-88F2-44BC-A0CC-BE1933FF8A03}.Release|Any CPU.ActiveCfg = Release|Any CPU
		{E3993DE4-88F2-44BC-A0CC-BE1933FF8A03}.Release|Any CPU.Build.0 = Release|Any CPU
		{A68CA1F9-E2CA-4610-A375-60CEFCB1E55D}.Debug|Any CPU.ActiveCfg = Debug|Any CPU
		{A68CA1F9-E2CA-4610-A375-60CEFCB1E55D}.Debug|Any CPU.Build.0 = Debug|Any CPU
		{A68CA1F9-E2CA-4610-A375-60CEFCB1E55D}.Release|Any CPU.ActiveCfg = Release|Any CPU
		{A68CA1F9-E2CA-4610-A375-60CEFCB1E55D}.Release|Any CPU.Build.0 = Release|Any CPU
	EndGlobalSection
	GlobalSection(SolutionProperties) = preSolution
		HideSolutionNode = FALSE
	EndGlobalSection
	GlobalSection(ExtensibilityGlobals) = postSolution
		SolutionGuid = {817C698D-FCB9-4855-A80A-F1CAF5F1627F}
	EndGlobalSection
EndGlobal
